// !$*UTF8*$!
{
	archiveVersion = 1;
	classes = {
	};
	objectVersion = 46;
	objects = {

/* Begin PBXBuildFile section */
		3C1A006AD5AFBBE352A7024A /* libPods-YAQQNews.a in Frameworks */ = {isa = PBXBuildFile; fileRef = C13B0C0E82B6FDCA5690F121 /* libPods-YAQQNews.a */; };
		9A5C90311EBE970F00209995 /* VideoToolbox.framework in Frameworks */ = {isa = PBXBuildFile; fileRef = 9A5C90301EBE970F00209995 /* VideoToolbox.framework */; };
		9A5C90331EBE971C00209995 /* UIKit.framework in Frameworks */ = {isa = PBXBuildFile; fileRef = 9A5C90321EBE971C00209995 /* UIKit.framework */; };
		9A5C90351EBE972500209995 /* QuartzCore.framework in Frameworks */ = {isa = PBXBuildFile; fileRef = 9A5C90341EBE972500209995 /* QuartzCore.framework */; };
		9A5C90371EBE973200209995 /* OpenGLES.framework in Frameworks */ = {isa = PBXBuildFile; fileRef = 9A5C90361EBE973100209995 /* OpenGLES.framework */; };
		9A5C90391EBE974500209995 /* MobileCoreServices.framework in Frameworks */ = {isa = PBXBuildFile; fileRef = 9A5C90381EBE974500209995 /* MobileCoreServices.framework */; };
		9A5C903B1EBE975000209995 /* MediaPlayer.framework in Frameworks */ = {isa = PBXBuildFile; fileRef = 9A5C903A1EBE975000209995 /* MediaPlayer.framework */; };
		9A5C903D1EBE975D00209995 /* libz.tbd in Frameworks */ = {isa = PBXBuildFile; fileRef = 9A5C903C1EBE975D00209995 /* libz.tbd */; };
		9A5C903F1EBE976600209995 /* libbz2.tbd in Frameworks */ = {isa = PBXBuildFile; fileRef = 9A5C903E1EBE976600209995 /* libbz2.tbd */; };
		9A5C90411EBE977300209995 /* CoreVideo.framework in Frameworks */ = {isa = PBXBuildFile; fileRef = 9A5C90401EBE977300209995 /* CoreVideo.framework */; };
		9A5C90431EBE978000209995 /* CoreMedia.framework in Frameworks */ = {isa = PBXBuildFile; fileRef = 9A5C90421EBE978000209995 /* CoreMedia.framework */; };
		9A5C90451EBE978700209995 /* CoreGraphics.framework in Frameworks */ = {isa = PBXBuildFile; fileRef = 9A5C90441EBE978700209995 /* CoreGraphics.framework */; };
		9A5C90471EBE979300209995 /* AVFoundation.framework in Frameworks */ = {isa = PBXBuildFile; fileRef = 9A5C90461EBE979300209995 /* AVFoundation.framework */; };
		9A5C90491EBE979C00209995 /* AudioToolbox.framework in Frameworks */ = {isa = PBXBuildFile; fileRef = 9A5C90481EBE979C00209995 /* AudioToolbox.framework */; };
		9A5C904D1EBE9AE600209995 /* IJKMediaFramework.framework in Frameworks */ = {isa = PBXBuildFile; fileRef = 9A5C904C1EBE9AE600209995 /* IJKMediaFramework.framework */; };
		9A5C904F1EBE9B8A00209995 /* libstdc++.tbd in Frameworks */ = {isa = PBXBuildFile; fileRef = 9A5C904E1EBE9B8A00209995 /* libstdc++.tbd */; };
		9A5C90521EBEB38300209995 /* YALivePageMenuViewController.m in Sources */ = {isa = PBXBuildFile; fileRef = 9A5C90511EBEB38300209995 /* YALivePageMenuViewController.m */; };
		9A5C90551EBEB48B00209995 /* YALiveChannelViewController.m in Sources */ = {isa = PBXBuildFile; fileRef = 9A5C90541EBEB48B00209995 /* YALiveChannelViewController.m */; };
		9A85F5441EBCBF9E009243B3 /* main.m in Sources */ = {isa = PBXBuildFile; fileRef = 9A85F5431EBCBF9E009243B3 /* main.m */; };
		9A85F5471EBCBF9E009243B3 /* AppDelegate.m in Sources */ = {isa = PBXBuildFile; fileRef = 9A85F5461EBCBF9E009243B3 /* AppDelegate.m */; };
		9A85F54A1EBCBF9E009243B3 /* ViewController.m in Sources */ = {isa = PBXBuildFile; fileRef = 9A85F5491EBCBF9E009243B3 /* ViewController.m */; };
		9A85F54D1EBCBF9E009243B3 /* Main.storyboard in Resources */ = {isa = PBXBuildFile; fileRef = 9A85F54B1EBCBF9E009243B3 /* Main.storyboard */; };
		9A85F54F1EBCBF9E009243B3 /* Assets.xcassets in Resources */ = {isa = PBXBuildFile; fileRef = 9A85F54E1EBCBF9E009243B3 /* Assets.xcassets */; };
		9A85F5521EBCBF9E009243B3 /* LaunchScreen.storyboard in Resources */ = {isa = PBXBuildFile; fileRef = 9A85F5501EBCBF9E009243B3 /* LaunchScreen.storyboard */; };
		9A85F58B1EBCC71A009243B3 /* YATabBarController.m in Sources */ = {isa = PBXBuildFile; fileRef = 9A85F58A1EBCC71A009243B3 /* YATabBarController.m */; };
		9A85F58E1EBCC796009243B3 /* YANewsViewController.m in Sources */ = {isa = PBXBuildFile; fileRef = 9A85F58D1EBCC796009243B3 /* YANewsViewController.m */; };
		9A85F5911EBCC7D3009243B3 /* YARecommendViewController.m in Sources */ = {isa = PBXBuildFile; fileRef = 9A85F5901EBCC7D3009243B3 /* YARecommendViewController.m */; };
		9A85F5941EBCC7E0009243B3 /* YALiveViewController.m in Sources */ = {isa = PBXBuildFile; fileRef = 9A85F5931EBCC7E0009243B3 /* YALiveViewController.m */; };
		9A85F5971EBCC7ED009243B3 /* YAProfileViewController.m in Sources */ = {isa = PBXBuildFile; fileRef = 9A85F5961EBCC7ED009243B3 /* YAProfileViewController.m */; };
		9A85F59A1EBCC8F9009243B3 /* YATabBarItem.m in Sources */ = {isa = PBXBuildFile; fileRef = 9A85F5991EBCC8F9009243B3 /* YATabBarItem.m */; };
		9A85F59D1EBCC939009243B3 /* UIImage+YARenderingMode.m in Sources */ = {isa = PBXBuildFile; fileRef = 9A85F59C1EBCC939009243B3 /* UIImage+YARenderingMode.m */; };
		9AE436511EBD60D200921FD0 /* CAPSPageMenu.m in Sources */ = {isa = PBXBuildFile; fileRef = 9AE436501EBD60D200921FD0 /* CAPSPageMenu.m */; };
		9AE4365D1EBD616600921FD0 /* YANewsPageMenuViewController.m in Sources */ = {isa = PBXBuildFile; fileRef = 9AE4365C1EBD616600921FD0 /* YANewsPageMenuViewController.m */; };
		9AE436601EBD62AC00921FD0 /* YAChannelViewController.m in Sources */ = {isa = PBXBuildFile; fileRef = 9AE4365F1EBD62AC00921FD0 /* YAChannelViewController.m */; };
		9AE436651EBD784100921FD0 /* YANews.m in Sources */ = {isa = PBXBuildFile; fileRef = 9AE436641EBD784100921FD0 /* YANews.m */; };
		9AE436681EBD785100921FD0 /* YANewsModel.m in Sources */ = {isa = PBXBuildFile; fileRef = 9AE436671EBD785100921FD0 /* YANewsModel.m */; };
		9AE4366C1EBD78B200921FD0 /* YAChannelRequest.m in Sources */ = {isa = PBXBuildFile; fileRef = 9AE4366B1EBD78B200921FD0 /* YAChannelRequest.m */; };
		9AE4366F1EBD798C00921FD0 /* YANetWork.m in Sources */ = {isa = PBXBuildFile; fileRef = 9AE4366E1EBD798C00921FD0 /* YANetWork.m */; };
		9AE436751EBDB20F00921FD0 /* NSDate+YADateFormater.m in Sources */ = {isa = PBXBuildFile; fileRef = 9AE436741EBDB20F00921FD0 /* NSDate+YADateFormater.m */; };
		9AE4367C1EBDB28B00921FD0 /* YACenterPhotoNewsCell.m in Sources */ = {isa = PBXBuildFile; fileRef = 9AE436771EBDB28B00921FD0 /* YACenterPhotoNewsCell.m */; };
		9AE4367D1EBDB28B00921FD0 /* YACenterPhotoNewsCell.xib in Resources */ = {isa = PBXBuildFile; fileRef = 9AE436781EBDB28B00921FD0 /* YACenterPhotoNewsCell.xib */; };
		9AE4367E1EBDB28B00921FD0 /* YARightPhotoNewsCell.m in Sources */ = {isa = PBXBuildFile; fileRef = 9AE4367A1EBDB28B00921FD0 /* YARightPhotoNewsCell.m */; };
		9AE4367F1EBDB28B00921FD0 /* YARightPhotoNewsCell.xib in Resources */ = {isa = PBXBuildFile; fileRef = 9AE4367B1EBDB28B00921FD0 /* YARightPhotoNewsCell.xib */; };
/* End PBXBuildFile section */

/* Begin PBXFileReference section */
		3219EE8D764C1AB8EDA0A9D7 /* Pods-YAQQNews.debug.xcconfig */ = {isa = PBXFileReference; includeInIndex = 1; lastKnownFileType = text.xcconfig; name = "Pods-YAQQNews.debug.xcconfig"; path = "Pods/Target Support Files/Pods-YAQQNews/Pods-YAQQNews.debug.xcconfig"; sourceTree = "<group>"; };
		9A5C90301EBE970F00209995 /* VideoToolbox.framework */ = {isa = PBXFileReference; lastKnownFileType = wrapper.framework; name = VideoToolbox.framework; path = System/Library/Frameworks/VideoToolbox.framework; sourceTree = SDKROOT; };
		9A5C90321EBE971C00209995 /* UIKit.framework */ = {isa = PBXFileReference; lastKnownFileType = wrapper.framework; name = UIKit.framework; path = System/Library/Frameworks/UIKit.framework; sourceTree = SDKROOT; };
		9A5C90341EBE972500209995 /* QuartzCore.framework */ = {isa = PBXFileReference; lastKnownFileType = wrapper.framework; name = QuartzCore.framework; path = System/Library/Frameworks/QuartzCore.framework; sourceTree = SDKROOT; };
		9A5C90361EBE973100209995 /* OpenGLES.framework */ = {isa = PBXFileReference; lastKnownFileType = wrapper.framework; name = OpenGLES.framework; path = System/Library/Frameworks/OpenGLES.framework; sourceTree = SDKROOT; };
		9A5C90381EBE974500209995 /* MobileCoreServices.framework */ = {isa = PBXFileReference; lastKnownFileType = wrapper.framework; name = MobileCoreServices.framework; path = System/Library/Frameworks/MobileCoreServices.framework; sourceTree = SDKROOT; };
		9A5C903A1EBE975000209995 /* MediaPlayer.framework */ = {isa = PBXFileReference; lastKnownFileType = wrapper.framework; name = MediaPlayer.framework; path = System/Library/Frameworks/MediaPlayer.framework; sourceTree = SDKROOT; };
		9A5C903C1EBE975D00209995 /* libz.tbd */ = {isa = PBXFileReference; lastKnownFileType = "sourcecode.text-based-dylib-definition"; name = libz.tbd; path = usr/lib/libz.tbd; sourceTree = SDKROOT; };
		9A5C903E1EBE976600209995 /* libbz2.tbd */ = {isa = PBXFileReference; lastKnownFileType = "sourcecode.text-based-dylib-definition"; name = libbz2.tbd; path = usr/lib/libbz2.tbd; sourceTree = SDKROOT; };
		9A5C90401EBE977300209995 /* CoreVideo.framework */ = {isa = PBXFileReference; lastKnownFileType = wrapper.framework; name = CoreVideo.framework; path = System/Library/Frameworks/CoreVideo.framework; sourceTree = SDKROOT; };
		9A5C90421EBE978000209995 /* CoreMedia.framework */ = {isa = PBXFileReference; lastKnownFileType = wrapper.framework; name = CoreMedia.framework; path = System/Library/Frameworks/CoreMedia.framework; sourceTree = SDKROOT; };
		9A5C90441EBE978700209995 /* CoreGraphics.framework */ = {isa = PBXFileReference; lastKnownFileType = wrapper.framework; name = CoreGraphics.framework; path = System/Library/Frameworks/CoreGraphics.framework; sourceTree = SDKROOT; };
		9A5C90461EBE979300209995 /* AVFoundation.framework */ = {isa = PBXFileReference; lastKnownFileType = wrapper.framework; name = AVFoundation.framework; path = System/Library/Frameworks/AVFoundation.framework; sourceTree = SDKROOT; };
		9A5C90481EBE979C00209995 /* AudioToolbox.framework */ = {isa = PBXFileReference; lastKnownFileType = wrapper.framework; name = AudioToolbox.framework; path = System/Library/Frameworks/AudioToolbox.framework; sourceTree = SDKROOT; };
		9A5C904C1EBE9AE600209995 /* IJKMediaFramework.framework */ = {isa = PBXFileReference; lastKnownFileType = wrapper.framework; path = IJKMediaFramework.framework; sourceTree = "<group>"; };
		9A5C904E1EBE9B8A00209995 /* libstdc++.tbd */ = {isa = PBXFileReference; lastKnownFileType = "sourcecode.text-based-dylib-definition"; name = "libstdc++.tbd"; path = "usr/lib/libstdc++.tbd"; sourceTree = SDKROOT; };
		9A5C90501EBEB38300209995 /* YALivePageMenuViewController.h */ = {isa = PBXFileReference; fileEncoding = 4; lastKnownFileType = sourcecode.c.h; path = YALivePageMenuViewController.h; sourceTree = "<group>"; };
		9A5C90511EBEB38300209995 /* YALivePageMenuViewController.m */ = {isa = PBXFileReference; fileEncoding = 4; lastKnownFileType = sourcecode.c.objc; path = YALivePageMenuViewController.m; sourceTree = "<group>"; };
		9A5C90531EBEB48B00209995 /* YALiveChannelViewController.h */ = {isa = PBXFileReference; fileEncoding = 4; lastKnownFileType = sourcecode.c.h; path = YALiveChannelViewController.h; sourceTree = "<group>"; };
		9A5C90541EBEB48B00209995 /* YALiveChannelViewController.m */ = {isa = PBXFileReference; fileEncoding = 4; lastKnownFileType = sourcecode.c.objc; path = YALiveChannelViewController.m; sourceTree = "<group>"; };
		9A85F53F1EBCBF9E009243B3 /* YAQQNews.app */ = {isa = PBXFileReference; explicitFileType = wrapper.application; includeInIndex = 0; path = YAQQNews.app; sourceTree = BUILT_PRODUCTS_DIR; };
		9A85F5431EBCBF9E009243B3 /* main.m */ = {isa = PBXFileReference; lastKnownFileType = sourcecode.c.objc; path = main.m; sourceTree = "<group>"; };
		9A85F5451EBCBF9E009243B3 /* AppDelegate.h */ = {isa = PBXFileReference; lastKnownFileType = sourcecode.c.h; path = AppDelegate.h; sourceTree = "<group>"; };
		9A85F5461EBCBF9E009243B3 /* AppDelegate.m */ = {isa = PBXFileReference; lastKnownFileType = sourcecode.c.objc; path = AppDelegate.m; sourceTree = "<group>"; };
		9A85F5481EBCBF9E009243B3 /* ViewController.h */ = {isa = PBXFileReference; lastKnownFileType = sourcecode.c.h; path = ViewController.h; sourceTree = "<group>"; };
		9A85F5491EBCBF9E009243B3 /* ViewController.m */ = {isa = PBXFileReference; lastKnownFileType = sourcecode.c.objc; path = ViewController.m; sourceTree = "<group>"; };
		9A85F54C1EBCBF9E009243B3 /* Base */ = {isa = PBXFileReference; lastKnownFileType = file.storyboard; name = Base; path = Base.lproj/Main.storyboard; sourceTree = "<group>"; };
		9A85F54E1EBCBF9E009243B3 /* Assets.xcassets */ = {isa = PBXFileReference; lastKnownFileType = folder.assetcatalog; path = Assets.xcassets; sourceTree = "<group>"; };
		9A85F5511EBCBF9E009243B3 /* Base */ = {isa = PBXFileReference; lastKnownFileType = file.storyboard; name = Base; path = Base.lproj/LaunchScreen.storyboard; sourceTree = "<group>"; };
		9A85F5531EBCBF9E009243B3 /* Info.plist */ = {isa = PBXFileReference; lastKnownFileType = text.plist.xml; path = Info.plist; sourceTree = "<group>"; };
		9A85F5891EBCC71A009243B3 /* YATabBarController.h */ = {isa = PBXFileReference; fileEncoding = 4; lastKnownFileType = sourcecode.c.h; path = YATabBarController.h; sourceTree = "<group>"; };
		9A85F58A1EBCC71A009243B3 /* YATabBarController.m */ = {isa = PBXFileReference; fileEncoding = 4; lastKnownFileType = sourcecode.c.objc; path = YATabBarController.m; sourceTree = "<group>"; };
		9A85F58C1EBCC796009243B3 /* YANewsViewController.h */ = {isa = PBXFileReference; fileEncoding = 4; lastKnownFileType = sourcecode.c.h; path = YANewsViewController.h; sourceTree = "<group>"; };
		9A85F58D1EBCC796009243B3 /* YANewsViewController.m */ = {isa = PBXFileReference; fileEncoding = 4; lastKnownFileType = sourcecode.c.objc; path = YANewsViewController.m; sourceTree = "<group>"; };
		9A85F58F1EBCC7D3009243B3 /* YARecommendViewController.h */ = {isa = PBXFileReference; fileEncoding = 4; lastKnownFileType = sourcecode.c.h; path = YARecommendViewController.h; sourceTree = "<group>"; };
		9A85F5901EBCC7D3009243B3 /* YARecommendViewController.m */ = {isa = PBXFileReference; fileEncoding = 4; lastKnownFileType = sourcecode.c.objc; path = YARecommendViewController.m; sourceTree = "<group>"; };
		9A85F5921EBCC7E0009243B3 /* YALiveViewController.h */ = {isa = PBXFileReference; fileEncoding = 4; lastKnownFileType = sourcecode.c.h; path = YALiveViewController.h; sourceTree = "<group>"; };
		9A85F5931EBCC7E0009243B3 /* YALiveViewController.m */ = {isa = PBXFileReference; fileEncoding = 4; lastKnownFileType = sourcecode.c.objc; path = YALiveViewController.m; sourceTree = "<group>"; };
		9A85F5951EBCC7ED009243B3 /* YAProfileViewController.h */ = {isa = PBXFileReference; fileEncoding = 4; lastKnownFileType = sourcecode.c.h; path = YAProfileViewController.h; sourceTree = "<group>"; };
		9A85F5961EBCC7ED009243B3 /* YAProfileViewController.m */ = {isa = PBXFileReference; fileEncoding = 4; lastKnownFileType = sourcecode.c.objc; path = YAProfileViewController.m; sourceTree = "<group>"; };
		9A85F5981EBCC8F9009243B3 /* YATabBarItem.h */ = {isa = PBXFileReference; fileEncoding = 4; lastKnownFileType = sourcecode.c.h; path = YATabBarItem.h; sourceTree = "<group>"; };
		9A85F5991EBCC8F9009243B3 /* YATabBarItem.m */ = {isa = PBXFileReference; fileEncoding = 4; lastKnownFileType = sourcecode.c.objc; path = YATabBarItem.m; sourceTree = "<group>"; };
		9A85F59B1EBCC939009243B3 /* UIImage+YARenderingMode.h */ = {isa = PBXFileReference; fileEncoding = 4; lastKnownFileType = sourcecode.c.h; path = "UIImage+YARenderingMode.h"; sourceTree = "<group>"; };
		9A85F59C1EBCC939009243B3 /* UIImage+YARenderingMode.m */ = {isa = PBXFileReference; fileEncoding = 4; lastKnownFileType = sourcecode.c.objc; path = "UIImage+YARenderingMode.m"; sourceTree = "<group>"; };
		9AE4364F1EBD60D200921FD0 /* CAPSPageMenu.h */ = {isa = PBXFileReference; fileEncoding = 4; lastKnownFileType = sourcecode.c.h; path = CAPSPageMenu.h; sourceTree = "<group>"; };
		9AE436501EBD60D200921FD0 /* CAPSPageMenu.m */ = {isa = PBXFileReference; fileEncoding = 4; lastKnownFileType = sourcecode.c.objc; path = CAPSPageMenu.m; sourceTree = "<group>"; };
		9AE4365B1EBD616600921FD0 /* YANewsPageMenuViewController.h */ = {isa = PBXFileReference; fileEncoding = 4; lastKnownFileType = sourcecode.c.h; path = YANewsPageMenuViewController.h; sourceTree = "<group>"; };
		9AE4365C1EBD616600921FD0 /* YANewsPageMenuViewController.m */ = {isa = PBXFileReference; fileEncoding = 4; lastKnownFileType = sourcecode.c.objc; path = YANewsPageMenuViewController.m; sourceTree = "<group>"; };
		9AE4365E1EBD62AC00921FD0 /* YAChannelViewController.h */ = {isa = PBXFileReference; fileEncoding = 4; lastKnownFileType = sourcecode.c.h; path = YAChannelViewController.h; sourceTree = "<group>"; };
		9AE4365F1EBD62AC00921FD0 /* YAChannelViewController.m */ = {isa = PBXFileReference; fileEncoding = 4; lastKnownFileType = sourcecode.c.objc; path = YAChannelViewController.m; sourceTree = "<group>"; };
		9AE436611EBD633E00921FD0 /* YAPrefixHeader.pch */ = {isa = PBXFileReference; fileEncoding = 4; lastKnownFileType = sourcecode.c.h; path = YAPrefixHeader.pch; sourceTree = "<group>"; };
		9AE436621EBD68A700921FD0 /* YAHeader.h */ = {isa = PBXFileReference; fileEncoding = 4; lastKnownFileType = sourcecode.c.h; path = YAHeader.h; sourceTree = "<group>"; };
		9AE436631EBD784100921FD0 /* YANews.h */ = {isa = PBXFileReference; fileEncoding = 4; lastKnownFileType = sourcecode.c.h; path = YANews.h; sourceTree = "<group>"; };
		9AE436641EBD784100921FD0 /* YANews.m */ = {isa = PBXFileReference; fileEncoding = 4; lastKnownFileType = sourcecode.c.objc; path = YANews.m; sourceTree = "<group>"; };
		9AE436661EBD785100921FD0 /* YANewsModel.h */ = {isa = PBXFileReference; fileEncoding = 4; lastKnownFileType = sourcecode.c.h; path = YANewsModel.h; sourceTree = "<group>"; };
		9AE436671EBD785100921FD0 /* YANewsModel.m */ = {isa = PBXFileReference; fileEncoding = 4; lastKnownFileType = sourcecode.c.objc; path = YANewsModel.m; sourceTree = "<group>"; };
		9AE4366A1EBD78B200921FD0 /* YAChannelRequest.h */ = {isa = PBXFileReference; fileEncoding = 4; lastKnownFileType = sourcecode.c.h; path = YAChannelRequest.h; sourceTree = "<group>"; };
		9AE4366B1EBD78B200921FD0 /* YAChannelRequest.m */ = {isa = PBXFileReference; fileEncoding = 4; lastKnownFileType = sourcecode.c.objc; path = YAChannelRequest.m; sourceTree = "<group>"; };
		9AE4366D1EBD798C00921FD0 /* YANetWork.h */ = {isa = PBXFileReference; fileEncoding = 4; lastKnownFileType = sourcecode.c.h; path = YANetWork.h; sourceTree = "<group>"; };
		9AE4366E1EBD798C00921FD0 /* YANetWork.m */ = {isa = PBXFileReference; fileEncoding = 4; lastKnownFileType = sourcecode.c.objc; path = YANetWork.m; sourceTree = "<group>"; };
		9AE436731EBDB20F00921FD0 /* NSDate+YADateFormater.h */ = {isa = PBXFileReference; fileEncoding = 4; lastKnownFileType = sourcecode.c.h; path = "NSDate+YADateFormater.h"; sourceTree = "<group>"; };
		9AE436741EBDB20F00921FD0 /* NSDate+YADateFormater.m */ = {isa = PBXFileReference; fileEncoding = 4; lastKnownFileType = sourcecode.c.objc; path = "NSDate+YADateFormater.m"; sourceTree = "<group>"; };
		9AE436761EBDB28B00921FD0 /* YACenterPhotoNewsCell.h */ = {isa = PBXFileReference; fileEncoding = 4; lastKnownFileType = sourcecode.c.h; path = YACenterPhotoNewsCell.h; sourceTree = "<group>"; };
		9AE436771EBDB28B00921FD0 /* YACenterPhotoNewsCell.m */ = {isa = PBXFileReference; fileEncoding = 4; lastKnownFileType = sourcecode.c.objc; path = YACenterPhotoNewsCell.m; sourceTree = "<group>"; };
		9AE436781EBDB28B00921FD0 /* YACenterPhotoNewsCell.xib */ = {isa = PBXFileReference; fileEncoding = 4; lastKnownFileType = file.xib; path = YACenterPhotoNewsCell.xib; sourceTree = "<group>"; };
		9AE436791EBDB28B00921FD0 /* YARightPhotoNewsCell.h */ = {isa = PBXFileReference; fileEncoding = 4; lastKnownFileType = sourcecode.c.h; path = YARightPhotoNewsCell.h; sourceTree = "<group>"; };
		9AE4367A1EBDB28B00921FD0 /* YARightPhotoNewsCell.m */ = {isa = PBXFileReference; fileEncoding = 4; lastKnownFileType = sourcecode.c.objc; path = YARightPhotoNewsCell.m; sourceTree = "<group>"; };
		9AE4367B1EBDB28B00921FD0 /* YARightPhotoNewsCell.xib */ = {isa = PBXFileReference; fileEncoding = 4; lastKnownFileType = file.xib; path = YARightPhotoNewsCell.xib; sourceTree = "<group>"; };
		C13B0C0E82B6FDCA5690F121 /* libPods-YAQQNews.a */ = {isa = PBXFileReference; explicitFileType = archive.ar; includeInIndex = 0; path = "libPods-YAQQNews.a"; sourceTree = BUILT_PRODUCTS_DIR; };
		EC104EDFAE784A563D8188D2 /* Pods-YAQQNews.release.xcconfig */ = {isa = PBXFileReference; includeInIndex = 1; lastKnownFileType = text.xcconfig; name = "Pods-YAQQNews.release.xcconfig"; path = "Pods/Target Support Files/Pods-YAQQNews/Pods-YAQQNews.release.xcconfig"; sourceTree = "<group>"; };
/* End PBXFileReference section */

/* Begin PBXFrameworksBuildPhase section */
		9A85F53C1EBCBF9E009243B3 /* Frameworks */ = {
			isa = PBXFrameworksBuildPhase;
			buildActionMask = 2147483647;
			files = (
				9A5C904F1EBE9B8A00209995 /* libstdc++.tbd in Frameworks */,
				9A5C90491EBE979C00209995 /* AudioToolbox.framework in Frameworks */,
				9A5C90471EBE979300209995 /* AVFoundation.framework in Frameworks */,
				9A5C90451EBE978700209995 /* CoreGraphics.framework in Frameworks */,
				9A5C904D1EBE9AE600209995 /* IJKMediaFramework.framework in Frameworks */,
				9A5C90431EBE978000209995 /* CoreMedia.framework in Frameworks */,
				9A5C90411EBE977300209995 /* CoreVideo.framework in Frameworks */,
				9A5C903F1EBE976600209995 /* libbz2.tbd in Frameworks */,
				9A5C903D1EBE975D00209995 /* libz.tbd in Frameworks */,
				9A5C903B1EBE975000209995 /* MediaPlayer.framework in Frameworks */,
				9A5C90391EBE974500209995 /* MobileCoreServices.framework in Frameworks */,
				9A5C90371EBE973200209995 /* OpenGLES.framework in Frameworks */,
				9A5C90351EBE972500209995 /* QuartzCore.framework in Frameworks */,
				9A5C90331EBE971C00209995 /* UIKit.framework in Frameworks */,
				9A5C90311EBE970F00209995 /* VideoToolbox.framework in Frameworks */,
				3C1A006AD5AFBBE352A7024A /* libPods-YAQQNews.a in Frameworks */,
			);
			runOnlyForDeploymentPostprocessing = 0;
		};
/* End PBXFrameworksBuildPhase section */

/* Begin PBXGroup section */
		0C96635B490ACA1923E0051A /* Frameworks */ = {
			isa = PBXGroup;
			children = (
				9A5C904E1EBE9B8A00209995 /* libstdc++.tbd */,
				9A5C904C1EBE9AE600209995 /* IJKMediaFramework.framework */,
				9A5C90481EBE979C00209995 /* AudioToolbox.framework */,
				9A5C90461EBE979300209995 /* AVFoundation.framework */,
				9A5C90441EBE978700209995 /* CoreGraphics.framework */,
				9A5C90421EBE978000209995 /* CoreMedia.framework */,
				9A5C90401EBE977300209995 /* CoreVideo.framework */,
				9A5C903E1EBE976600209995 /* libbz2.tbd */,
				9A5C903C1EBE975D00209995 /* libz.tbd */,
				9A5C903A1EBE975000209995 /* MediaPlayer.framework */,
				9A5C90381EBE974500209995 /* MobileCoreServices.framework */,
				9A5C90361EBE973100209995 /* OpenGLES.framework */,
				9A5C90341EBE972500209995 /* QuartzCore.framework */,
				9A5C90321EBE971C00209995 /* UIKit.framework */,
				9A5C90301EBE970F00209995 /* VideoToolbox.framework */,
				C13B0C0E82B6FDCA5690F121 /* libPods-YAQQNews.a */,
			);
			name = Frameworks;
			sourceTree = "<group>";
		};
		4912AAA860EABCB5C586B3E4 /* Pods */ = {
			isa = PBXGroup;
			children = (
				3219EE8D764C1AB8EDA0A9D7 /* Pods-YAQQNews.debug.xcconfig */,
				EC104EDFAE784A563D8188D2 /* Pods-YAQQNews.release.xcconfig */,
			);
			name = Pods;
			sourceTree = "<group>";
		};
		9A85F5361EBCBF9D009243B3 = {
			isa = PBXGroup;
			children = (
				9A85F5411EBCBF9E009243B3 /* YAQQNews */,
				9A85F5401EBCBF9E009243B3 /* Products */,
				4912AAA860EABCB5C586B3E4 /* Pods */,
				0C96635B490ACA1923E0051A /* Frameworks */,
			);
			sourceTree = "<group>";
		};
		9A85F5401EBCBF9E009243B3 /* Products */ = {
			isa = PBXGroup;
			children = (
				9A85F53F1EBCBF9E009243B3 /* YAQQNews.app */,
			);
			name = Products;
			sourceTree = "<group>";
		};
		9A85F5411EBCBF9E009243B3 /* YAQQNews */ = {
			isa = PBXGroup;
			children = (
				9AE4364B1EBD60D200921FD0 /* Resource */,
				9A85F5841EBCC692009243B3 /* Util */,
				9A85F56F1EBCC692009243B3 /* Classes */,
				9A85F5451EBCBF9E009243B3 /* AppDelegate.h */,
				9A85F5461EBCBF9E009243B3 /* AppDelegate.m */,
				9A85F5481EBCBF9E009243B3 /* ViewController.h */,
				9A85F5491EBCBF9E009243B3 /* ViewController.m */,
				9A85F54B1EBCBF9E009243B3 /* Main.storyboard */,
				9A85F54E1EBCBF9E009243B3 /* Assets.xcassets */,
				9A85F5501EBCBF9E009243B3 /* LaunchScreen.storyboard */,
				9A85F5531EBCBF9E009243B3 /* Info.plist */,
				9A85F5421EBCBF9E009243B3 /* Supporting Files */,
				9AE436611EBD633E00921FD0 /* YAPrefixHeader.pch */,
				9AE436621EBD68A700921FD0 /* YAHeader.h */,
			);
			path = YAQQNews;
			sourceTree = "<group>";
		};
		9A85F5421EBCBF9E009243B3 /* Supporting Files */ = {
			isa = PBXGroup;
			children = (
				9A85F5431EBCBF9E009243B3 /* main.m */,
			);
			name = "Supporting Files";
			sourceTree = "<group>";
		};
		9A85F56F1EBCC692009243B3 /* Classes */ = {
			isa = PBXGroup;
			children = (
				9AE436581EBD612900921FD0 /* PageMenu */,
				9A85F5861EBCC6C3009243B3 /* Main */,
				9A85F5751EBCC692009243B3 /* News */,
				9A85F57F1EBCC692009243B3 /* Recommend */,
				9A85F5701EBCC692009243B3 /* Live */,
				9A85F57A1EBCC692009243B3 /* Profile */,
			);
			path = Classes;
			sourceTree = "<group>";
		};
		9A85F5701EBCC692009243B3 /* Live */ = {
			isa = PBXGroup;
			children = (
				9A85F5711EBCC692009243B3 /* Controller */,
				9A85F5721EBCC692009243B3 /* Model */,
				9A85F5731EBCC692009243B3 /* View */,
				9A85F5741EBCC692009243B3 /* ViewModel */,
			);
			path = Live;
			sourceTree = "<group>";
		};
		9A85F5711EBCC692009243B3 /* Controller */ = {
			isa = PBXGroup;
			children = (
				9A85F5921EBCC7E0009243B3 /* YALiveViewController.h */,
				9A85F5931EBCC7E0009243B3 /* YALiveViewController.m */,
				9A5C90531EBEB48B00209995 /* YALiveChannelViewController.h */,
				9A5C90541EBEB48B00209995 /* YALiveChannelViewController.m */,
			);
			path = Controller;
			sourceTree = "<group>";
		};
		9A85F5721EBCC692009243B3 /* Model */ = {
			isa = PBXGroup;
			children = (
			);
			path = Model;
			sourceTree = "<group>";
		};
		9A85F5731EBCC692009243B3 /* View */ = {
			isa = PBXGroup;
			children = (
			);
			path = View;
			sourceTree = "<group>";
		};
		9A85F5741EBCC692009243B3 /* ViewModel */ = {
			isa = PBXGroup;
			children = (
			);
			path = ViewModel;
			sourceTree = "<group>";
		};
		9A85F5751EBCC692009243B3 /* News */ = {
			isa = PBXGroup;
			children = (
				9AE436691EBD789200921FD0 /* Util */,
				9A85F5761EBCC692009243B3 /* Controller */,
				9A85F5771EBCC692009243B3 /* Model */,
				9A85F5781EBCC692009243B3 /* View */,
				9A85F5791EBCC692009243B3 /* ViewModel */,
			);
			path = News;
			sourceTree = "<group>";
		};
		9A85F5761EBCC692009243B3 /* Controller */ = {
			isa = PBXGroup;
			children = (
				9A85F58C1EBCC796009243B3 /* YANewsViewController.h */,
				9A85F58D1EBCC796009243B3 /* YANewsViewController.m */,
				9AE4365E1EBD62AC00921FD0 /* YAChannelViewController.h */,
				9AE4365F1EBD62AC00921FD0 /* YAChannelViewController.m */,
			);
			path = Controller;
			sourceTree = "<group>";
		};
		9A85F5771EBCC692009243B3 /* Model */ = {
			isa = PBXGroup;
			children = (
				9AE436631EBD784100921FD0 /* YANews.h */,
				9AE436641EBD784100921FD0 /* YANews.m */,
			);
			path = Model;
			sourceTree = "<group>";
		};
		9A85F5781EBCC692009243B3 /* View */ = {
			isa = PBXGroup;
			children = (
				9AE436761EBDB28B00921FD0 /* YACenterPhotoNewsCell.h */,
				9AE436771EBDB28B00921FD0 /* YACenterPhotoNewsCell.m */,
				9AE436781EBDB28B00921FD0 /* YACenterPhotoNewsCell.xib */,
				9AE436791EBDB28B00921FD0 /* YARightPhotoNewsCell.h */,
				9AE4367A1EBDB28B00921FD0 /* YARightPhotoNewsCell.m */,
				9AE4367B1EBDB28B00921FD0 /* YARightPhotoNewsCell.xib */,
			);
			path = View;
			sourceTree = "<group>";
		};
		9A85F5791EBCC692009243B3 /* ViewModel */ = {
			isa = PBXGroup;
			children = (
				9AE436661EBD785100921FD0 /* YANewsModel.h */,
				9AE436671EBD785100921FD0 /* YANewsModel.m */,
			);
			path = ViewModel;
			sourceTree = "<group>";
		};
		9A85F57A1EBCC692009243B3 /* Profile */ = {
			isa = PBXGroup;
			children = (
				9A85F57B1EBCC692009243B3 /* Controller */,
				9A85F57C1EBCC692009243B3 /* Model */,
				9A85F57D1EBCC692009243B3 /* View */,
				9A85F57E1EBCC692009243B3 /* ViewModel */,
			);
			path = Profile;
			sourceTree = "<group>";
		};
		9A85F57B1EBCC692009243B3 /* Controller */ = {
			isa = PBXGroup;
			children = (
				9A85F5951EBCC7ED009243B3 /* YAProfileViewController.h */,
				9A85F5961EBCC7ED009243B3 /* YAProfileViewController.m */,
			);
			path = Controller;
			sourceTree = "<group>";
		};
		9A85F57C1EBCC692009243B3 /* Model */ = {
			isa = PBXGroup;
			children = (
			);
			path = Model;
			sourceTree = "<group>";
		};
		9A85F57D1EBCC692009243B3 /* View */ = {
			isa = PBXGroup;
			children = (
			);
			path = View;
			sourceTree = "<group>";
		};
		9A85F57E1EBCC692009243B3 /* ViewModel */ = {
			isa = PBXGroup;
			children = (
			);
			path = ViewModel;
			sourceTree = "<group>";
		};
		9A85F57F1EBCC692009243B3 /* Recommend */ = {
			isa = PBXGroup;
			children = (
				9A85F5801EBCC692009243B3 /* Controller */,
				9A85F5811EBCC692009243B3 /* Model */,
				9A85F5821EBCC692009243B3 /* View */,
				9A85F5831EBCC692009243B3 /* ViewModel */,
			);
			path = Recommend;
			sourceTree = "<group>";
		};
		9A85F5801EBCC692009243B3 /* Controller */ = {
			isa = PBXGroup;
			children = (
				9A85F58F1EBCC7D3009243B3 /* YARecommendViewController.h */,
				9A85F5901EBCC7D3009243B3 /* YARecommendViewController.m */,
			);
			path = Controller;
			sourceTree = "<group>";
		};
		9A85F5811EBCC692009243B3 /* Model */ = {
			isa = PBXGroup;
			children = (
			);
			path = Model;
			sourceTree = "<group>";
		};
		9A85F5821EBCC692009243B3 /* View */ = {
			isa = PBXGroup;
			children = (
			);
			path = View;
			sourceTree = "<group>";
		};
		9A85F5831EBCC692009243B3 /* ViewModel */ = {
			isa = PBXGroup;
			children = (
			);
			path = ViewModel;
			sourceTree = "<group>";
		};
		9A85F5841EBCC692009243B3 /* Util */ = {
			isa = PBXGroup;
			children = (
				9A85F5851EBCC692009243B3 /* Category */,
				9AE4366D1EBD798C00921FD0 /* YANetWork.h */,
				9AE4366E1EBD798C00921FD0 /* YANetWork.m */,
			);
			path = Util;
			sourceTree = "<group>";
		};
		9A85F5851EBCC692009243B3 /* Category */ = {
			isa = PBXGroup;
			children = (
				9A85F59B1EBCC939009243B3 /* UIImage+YARenderingMode.h */,
				9A85F59C1EBCC939009243B3 /* UIImage+YARenderingMode.m */,
				9AE436731EBDB20F00921FD0 /* NSDate+YADateFormater.h */,
				9AE436741EBDB20F00921FD0 /* NSDate+YADateFormater.m */,
			);
			path = Category;
			sourceTree = "<group>";
		};
		9A85F5861EBCC6C3009243B3 /* Main */ = {
			isa = PBXGroup;
			children = (
				9A85F5871EBCC6C3009243B3 /* Controller */,
				9A85F5881EBCC6C3009243B3 /* View */,
			);
			path = Main;
			sourceTree = "<group>";
		};
		9A85F5871EBCC6C3009243B3 /* Controller */ = {
			isa = PBXGroup;
			children = (
				9A85F5891EBCC71A009243B3 /* YATabBarController.h */,
				9A85F58A1EBCC71A009243B3 /* YATabBarController.m */,
			);
			path = Controller;
			sourceTree = "<group>";
		};
		9A85F5881EBCC6C3009243B3 /* View */ = {
			isa = PBXGroup;
			children = (
				9A85F5981EBCC8F9009243B3 /* YATabBarItem.h */,
				9A85F5991EBCC8F9009243B3 /* YATabBarItem.m */,
			);
			path = View;
			sourceTree = "<group>";
		};
		9AE4364B1EBD60D200921FD0 /* Resource */ = {
			isa = PBXGroup;
			children = (
				9AE4364C1EBD60D200921FD0 /* Image */,
				9AE4364D1EBD60D200921FD0 /* Lib */,
			);
			path = Resource;
			sourceTree = "<group>";
		};
		9AE4364C1EBD60D200921FD0 /* Image */ = {
			isa = PBXGroup;
			children = (
			);
			path = Image;
			sourceTree = "<group>";
		};
		9AE4364D1EBD60D200921FD0 /* Lib */ = {
			isa = PBXGroup;
			children = (
				9AE4364E1EBD60D200921FD0 /* PageMenu */,
			);
			path = Lib;
			sourceTree = "<group>";
		};
		9AE4364E1EBD60D200921FD0 /* PageMenu */ = {
			isa = PBXGroup;
			children = (
				9AE4364F1EBD60D200921FD0 /* CAPSPageMenu.h */,
				9AE436501EBD60D200921FD0 /* CAPSPageMenu.m */,
			);
			path = PageMenu;
			sourceTree = "<group>";
		};
		9AE436581EBD612900921FD0 /* PageMenu */ = {
			isa = PBXGroup;
			children = (
				9AE436591EBD612900921FD0 /* Controller */,
				9AE4365A1EBD612900921FD0 /* View */,
			);
			path = PageMenu;
			sourceTree = "<group>";
		};
		9AE436591EBD612900921FD0 /* Controller */ = {
			isa = PBXGroup;
			children = (
				9AE4365B1EBD616600921FD0 /* YANewsPageMenuViewController.h */,
				9AE4365C1EBD616600921FD0 /* YANewsPageMenuViewController.m */,
				9A5C90501EBEB38300209995 /* YALivePageMenuViewController.h */,
				9A5C90511EBEB38300209995 /* YALivePageMenuViewController.m */,
			);
			path = Controller;
			sourceTree = "<group>";
		};
		9AE4365A1EBD612900921FD0 /* View */ = {
			isa = PBXGroup;
			children = (
			);
			path = View;
			sourceTree = "<group>";
		};
		9AE436691EBD789200921FD0 /* Util */ = {
			isa = PBXGroup;
			children = (
				9AE4366A1EBD78B200921FD0 /* YAChannelRequest.h */,
				9AE4366B1EBD78B200921FD0 /* YAChannelRequest.m */,
			);
			path = Util;
			sourceTree = "<group>";
		};
/* End PBXGroup section */

/* Begin PBXNativeTarget section */
		9A85F53E1EBCBF9E009243B3 /* YAQQNews */ = {
			isa = PBXNativeTarget;
			buildConfigurationList = 9A85F5561EBCBF9E009243B3 /* Build configuration list for PBXNativeTarget "YAQQNews" */;
			buildPhases = (
				6A292A6A8AF46EBA3FC90EAC /* [CP] Check Pods Manifest.lock */,
				9A85F53B1EBCBF9E009243B3 /* Sources */,
				9A85F53C1EBCBF9E009243B3 /* Frameworks */,
				9A85F53D1EBCBF9E009243B3 /* Resources */,
				8AAC369DC7820BD8B5007C41 /* [CP] Embed Pods Frameworks */,
				3D514B5520272C935E213060 /* [CP] Copy Pods Resources */,
			);
			buildRules = (
			);
			dependencies = (
			);
			name = YAQQNews;
			productName = YAQQNews;
			productReference = 9A85F53F1EBCBF9E009243B3 /* YAQQNews.app */;
			productType = "com.apple.product-type.application";
		};
/* End PBXNativeTarget section */

/* Begin PBXProject section */
		9A85F5371EBCBF9D009243B3 /* Project object */ = {
			isa = PBXProject;
			attributes = {
				LastUpgradeCheck = 0830;
				ORGANIZATIONNAME = "陈亚伦";
				TargetAttributes = {
					9A85F53E1EBCBF9E009243B3 = {
						CreatedOnToolsVersion = 8.3.2;
						DevelopmentTeam = A4G5CBWX96;
						ProvisioningStyle = Automatic;
					};
				};
			};
			buildConfigurationList = 9A85F53A1EBCBF9D009243B3 /* Build configuration list for PBXProject "YAQQNews" */;
			compatibilityVersion = "Xcode 3.2";
			developmentRegion = English;
			hasScannedForEncodings = 0;
			knownRegions = (
				en,
				Base,
			);
			mainGroup = 9A85F5361EBCBF9D009243B3;
			productRefGroup = 9A85F5401EBCBF9E009243B3 /* Products */;
			projectDirPath = "";
			projectRoot = "";
			targets = (
				9A85F53E1EBCBF9E009243B3 /* YAQQNews */,
			);
		};
/* End PBXProject section */

/* Begin PBXResourcesBuildPhase section */
		9A85F53D1EBCBF9E009243B3 /* Resources */ = {
			isa = PBXResourcesBuildPhase;
			buildActionMask = 2147483647;
			files = (
				9AE4367D1EBDB28B00921FD0 /* YACenterPhotoNewsCell.xib in Resources */,
				9A85F5521EBCBF9E009243B3 /* LaunchScreen.storyboard in Resources */,
				9A85F54F1EBCBF9E009243B3 /* Assets.xcassets in Resources */,
				9A85F54D1EBCBF9E009243B3 /* Main.storyboard in Resources */,
				9AE4367F1EBDB28B00921FD0 /* YARightPhotoNewsCell.xib in Resources */,
			);
			runOnlyForDeploymentPostprocessing = 0;
		};
/* End PBXResourcesBuildPhase section */

/* Begin PBXShellScriptBuildPhase section */
		3D514B5520272C935E213060 /* [CP] Copy Pods Resources */ = {
			isa = PBXShellScriptBuildPhase;
			buildActionMask = 2147483647;
			files = (
			);
			inputPaths = (
			);
			name = "[CP] Copy Pods Resources";
			outputPaths = (
			);
			runOnlyForDeploymentPostprocessing = 0;
			shellPath = /bin/sh;
			shellScript = "\"${SRCROOT}/Pods/Target Support Files/Pods-YAQQNews/Pods-YAQQNews-resources.sh\"\n";
			showEnvVarsInLog = 0;
		};
		6A292A6A8AF46EBA3FC90EAC /* [CP] Check Pods Manifest.lock */ = {
			isa = PBXShellScriptBuildPhase;
			buildActionMask = 2147483647;
			files = (
			);
			inputPaths = (
			);
			name = "[CP] Check Pods Manifest.lock";
			outputPaths = (
			);
			runOnlyForDeploymentPostprocessing = 0;
			shellPath = /bin/sh;
			shellScript = "diff \"${PODS_ROOT}/../Podfile.lock\" \"${PODS_ROOT}/Manifest.lock\" > /dev/null\nif [ $? != 0 ] ; then\n    # print error to STDERR\n    echo \"error: The sandbox is not in sync with the Podfile.lock. Run 'pod install' or update your CocoaPods installation.\" >&2\n    exit 1\nfi\n";
			showEnvVarsInLog = 0;
		};
		8AAC369DC7820BD8B5007C41 /* [CP] Embed Pods Frameworks */ = {
			isa = PBXShellScriptBuildPhase;
			buildActionMask = 2147483647;
			files = (
			);
			inputPaths = (
			);
			name = "[CP] Embed Pods Frameworks";
			outputPaths = (
			);
			runOnlyForDeploymentPostprocessing = 0;
			shellPath = /bin/sh;
			shellScript = "\"${SRCROOT}/Pods/Target Support Files/Pods-YAQQNews/Pods-YAQQNews-frameworks.sh\"\n";
			showEnvVarsInLog = 0;
		};
/* End PBXShellScriptBuildPhase section */

/* Begin PBXSourcesBuildPhase section */
		9A85F53B1EBCBF9E009243B3 /* Sources */ = {
			isa = PBXSourcesBuildPhase;
			buildActionMask = 2147483647;
			files = (
				9AE436681EBD785100921FD0 /* YANewsModel.m in Sources */,
				9AE436751EBDB20F00921FD0 /* NSDate+YADateFormater.m in Sources */,
				9AE4365D1EBD616600921FD0 /* YANewsPageMenuViewController.m in Sources */,
				9A5C90521EBEB38300209995 /* YALivePageMenuViewController.m in Sources */,
				9AE436601EBD62AC00921FD0 /* YAChannelViewController.m in Sources */,
				9A85F5941EBCC7E0009243B3 /* YALiveViewController.m in Sources */,
				9A85F54A1EBCBF9E009243B3 /* ViewController.m in Sources */,
				9AE436651EBD784100921FD0 /* YANews.m in Sources */,
				9AE4366F1EBD798C00921FD0 /* YANetWork.m in Sources */,
				9A85F58B1EBCC71A009243B3 /* YATabBarController.m in Sources */,
				9A85F5471EBCBF9E009243B3 /* AppDelegate.m in Sources */,
				9A85F5911EBCC7D3009243B3 /* YARecommendViewController.m in Sources */,
				9AE4366C1EBD78B200921FD0 /* YAChannelRequest.m in Sources */,
				9AE4367E1EBDB28B00921FD0 /* YARightPhotoNewsCell.m in Sources */,
				9A5C90551EBEB48B00209995 /* YALiveChannelViewController.m in Sources */,
				9AE4367C1EBDB28B00921FD0 /* YACenterPhotoNewsCell.m in Sources */,
				9A85F59D1EBCC939009243B3 /* UIImage+YARenderingMode.m in Sources */,
				9AE436511EBD60D200921FD0 /* CAPSPageMenu.m in Sources */,
				9A85F5441EBCBF9E009243B3 /* main.m in Sources */,
				9A85F59A1EBCC8F9009243B3 /* YATabBarItem.m in Sources */,
				9A85F5971EBCC7ED009243B3 /* YAProfileViewController.m in Sources */,
				9A85F58E1EBCC796009243B3 /* YANewsViewController.m in Sources */,
			);
			runOnlyForDeploymentPostprocessing = 0;
		};
/* End PBXSourcesBuildPhase section */

/* Begin PBXVariantGroup section */
		9A85F54B1EBCBF9E009243B3 /* Main.storyboard */ = {
			isa = PBXVariantGroup;
			children = (
				9A85F54C1EBCBF9E009243B3 /* Base */,
			);
			name = Main.storyboard;
			sourceTree = "<group>";
		};
		9A85F5501EBCBF9E009243B3 /* LaunchScreen.storyboard */ = {
			isa = PBXVariantGroup;
			children = (
				9A85F5511EBCBF9E009243B3 /* Base */,
			);
			name = LaunchScreen.storyboard;
			sourceTree = "<group>";
		};
/* End PBXVariantGroup section */

/* Begin XCBuildConfiguration section */
		9A85F5541EBCBF9E009243B3 /* Debug */ = {
			isa = XCBuildConfiguration;
			buildSettings = {
				ALWAYS_SEARCH_USER_PATHS = NO;
				CLANG_ANALYZER_NONNULL = YES;
				CLANG_ANALYZER_NUMBER_OBJECT_CONVERSION = YES_AGGRESSIVE;
				CLANG_CXX_LANGUAGE_STANDARD = "gnu++0x";
				CLANG_CXX_LIBRARY = "libc++";
				CLANG_ENABLE_MODULES = YES;
				CLANG_ENABLE_OBJC_ARC = YES;
				CLANG_WARN_BOOL_CONVERSION = YES;
				CLANG_WARN_CONSTANT_CONVERSION = YES;
				CLANG_WARN_DIRECT_OBJC_ISA_USAGE = YES_ERROR;
				CLANG_WARN_DOCUMENTATION_COMMENTS = YES;
				CLANG_WARN_EMPTY_BODY = YES;
				CLANG_WARN_ENUM_CONVERSION = YES;
				CLANG_WARN_INFINITE_RECURSION = YES;
				CLANG_WARN_INT_CONVERSION = YES;
				CLANG_WARN_OBJC_ROOT_CLASS = YES_ERROR;
				CLANG_WARN_SUSPICIOUS_MOVE = YES;
				CLANG_WARN_UNREACHABLE_CODE = YES;
				CLANG_WARN__DUPLICATE_METHOD_MATCH = YES;
				"CODE_SIGN_IDENTITY[sdk=iphoneos*]" = "iPhone Developer";
				COPY_PHASE_STRIP = NO;
				DEBUG_INFORMATION_FORMAT = dwarf;
				ENABLE_STRICT_OBJC_MSGSEND = YES;
				ENABLE_TESTABILITY = YES;
				GCC_C_LANGUAGE_STANDARD = gnu99;
				GCC_DYNAMIC_NO_PIC = NO;
				GCC_NO_COMMON_BLOCKS = YES;
				GCC_OPTIMIZATION_LEVEL = 0;
				GCC_PREPROCESSOR_DEFINITIONS = (
					"DEBUG=1",
					"$(inherited)",
				);
				GCC_WARN_64_TO_32_BIT_CONVERSION = YES;
				GCC_WARN_ABOUT_RETURN_TYPE = YES_ERROR;
				GCC_WARN_UNDECLARED_SELECTOR = YES;
				GCC_WARN_UNINITIALIZED_AUTOS = YES_AGGRESSIVE;
				GCC_WARN_UNUSED_FUNCTION = YES;
				GCC_WARN_UNUSED_VARIABLE = YES;
				IPHONEOS_DEPLOYMENT_TARGET = 10.3;
				MTL_ENABLE_DEBUG_INFO = YES;
				ONLY_ACTIVE_ARCH = YES;
				SDKROOT = iphoneos;
			};
			name = Debug;
		};
		9A85F5551EBCBF9E009243B3 /* Release */ = {
			isa = XCBuildConfiguration;
			buildSettings = {
				ALWAYS_SEARCH_USER_PATHS = NO;
				CLANG_ANALYZER_NONNULL = YES;
				CLANG_ANALYZER_NUMBER_OBJECT_CONVERSION = YES_AGGRESSIVE;
				CLANG_CXX_LANGUAGE_STANDARD = "gnu++0x";
				CLANG_CXX_LIBRARY = "libc++";
				CLANG_ENABLE_MODULES = YES;
				CLANG_ENABLE_OBJC_ARC = YES;
				CLANG_WARN_BOOL_CONVERSION = YES;
				CLANG_WARN_CONSTANT_CONVERSION = YES;
				CLANG_WARN_DIRECT_OBJC_ISA_USAGE = YES_ERROR;
				CLANG_WARN_DOCUMENTATION_COMMENTS = YES;
				CLANG_WARN_EMPTY_BODY = YES;
				CLANG_WARN_ENUM_CONVERSION = YES;
				CLANG_WARN_INFINITE_RECURSION = YES;
				CLANG_WARN_INT_CONVERSION = YES;
				CLANG_WARN_OBJC_ROOT_CLASS = YES_ERROR;
				CLANG_WARN_SUSPICIOUS_MOVE = YES;
				CLANG_WARN_UNREACHABLE_CODE = YES;
				CLANG_WARN__DUPLICATE_METHOD_MATCH = YES;
				"CODE_SIGN_IDENTITY[sdk=iphoneos*]" = "iPhone Developer";
				COPY_PHASE_STRIP = NO;
				DEBUG_INFORMATION_FORMAT = "dwarf-with-dsym";
				ENABLE_NS_ASSERTIONS = NO;
				ENABLE_STRICT_OBJC_MSGSEND = YES;
				GCC_C_LANGUAGE_STANDARD = gnu99;
				GCC_NO_COMMON_BLOCKS = YES;
				GCC_WARN_64_TO_32_BIT_CONVERSION = YES;
				GCC_WARN_ABOUT_RETURN_TYPE = YES_ERROR;
				GCC_WARN_UNDECLARED_SELECTOR = YES;
				GCC_WARN_UNINITIALIZED_AUTOS = YES_AGGRESSIVE;
				GCC_WARN_UNUSED_FUNCTION = YES;
				GCC_WARN_UNUSED_VARIABLE = YES;
				IPHONEOS_DEPLOYMENT_TARGET = 10.3;
				MTL_ENABLE_DEBUG_INFO = NO;
				SDKROOT = iphoneos;
				VALIDATE_PRODUCT = YES;
			};
			name = Release;
		};
		9A85F5571EBCBF9E009243B3 /* Debug */ = {
			isa = XCBuildConfiguration;
			baseConfigurationReference = 3219EE8D764C1AB8EDA0A9D7 /* Pods-YAQQNews.debug.xcconfig */;
			buildSettings = {
				ASSETCATALOG_COMPILER_APPICON_NAME = AppIcon;
				ASSETCATALOG_COMPILER_LAUNCHIMAGE_NAME = LaunchImage;
				DEVELOPMENT_TEAM = A4G5CBWX96;
				FRAMEWORK_SEARCH_PATHS = (
					"$(inherited)",
					"$(PROJECT_DIR)",
				);
				GCC_PREFIX_HEADER = /Users/chenyalun/Desktop/iOS/YAQQNews/YAQQNews/YAQQNews/YAPrefixHeader.pch;
				INFOPLIST_FILE = YAQQNews/Info.plist;
				IPHONEOS_DEPLOYMENT_TARGET = 8.0;
				LD_RUNPATH_SEARCH_PATHS = "$(inherited) @executable_path/Frameworks";
				PRODUCT_BUNDLE_IDENTIFIER = com.chenyalun.YAQQNews;
				PRODUCT_NAME = "$(TARGET_NAME)";
			};
			name = Debug;
		};
		9A85F5581EBCBF9E009243B3 /* Release */ = {
			isa = XCBuildConfiguration;
			baseConfigurationReference = EC104EDFAE784A563D8188D2 /* Pods-YAQQNews.release.xcconfig */;
			buildSettings = {
				ASSETCATALOG_COMPILER_APPICON_NAME = AppIcon;
				ASSETCATALOG_COMPILER_LAUNCHIMAGE_NAME = LaunchImage;
				DEVELOPMENT_TEAM = A4G5CBWX96;
				FRAMEWORK_SEARCH_PATHS = (
					"$(inherited)",
					"$(PROJECT_DIR)",
				);
				GCC_PREFIX_HEADER = /Users/chenyalun/Desktop/iOS/YAQQNews/YAQQNews/YAQQNews/YAPrefixHeader.pch;
				INFOPLIST_FILE = YAQQNews/Info.plist;
				IPHONEOS_DEPLOYMENT_TARGET = 8.0;
				LD_RUNPATH_SEARCH_PATHS = "$(inherited) @executable_path/Frameworks";
				PRODUCT_BUNDLE_IDENTIFIER = com.chenyalun.YAQQNews;
				PRODUCT_NAME = "$(TARGET_NAME)";
			};
			name = Release;
		};
/* End XCBuildConfiguration section */

/* Begin XCConfigurationList section */
		9A85F53A1EBCBF9D009243B3 /* Build configuration list for PBXProject "YAQQNews" */ = {
			isa = XCConfigurationList;
			buildConfigurations = (
				9A85F5541EBCBF9E009243B3 /* Debug */,
				9A85F5551EBCBF9E009243B3 /* Release */,
			);
			defaultConfigurationIsVisible = 0;
			defaultConfigurationName = Release;
		};
		9A85F5561EBCBF9E009243B3 /* Build configuration list for PBXNativeTarget "YAQQNews" */ = {
			isa = XCConfigurationList;
			buildConfigurations = (
				9A85F5571EBCBF9E009243B3 /* Debug */,
				9A85F5581EBCBF9E009243B3 /* Release */,
			);
			defaultConfigurationIsVisible = 0;
			defaultConfigurationName = Release;
		};
/* End XCConfigurationList section */
	};
	rootObject = 9A85F5371EBCBF9D009243B3 /* Project object */;
}
